
Microsoft Visual Studio Solution File, Format Version 12.00
# Visual Studio Version 16
VisualStudioVersion = 16.0.32126.315
MinimumVisualStudioVersion = 10.0.40219.1
Project("{9A19103F-16F7-4668-BE54-9A1E7A4F7556}") = "ChivoFlixWeb", "ChivoFlixWeb\ChivoFlixWeb.csproj", "{597AF325-BE4E-4599-9DAF-3001EFF24213}"
EndProject
Project("{FAE04EC0-301F-11D3-BF4B-00C04F79EFBC}") = "ChivoFlixWeb.API", "ChivoFlixWeb.API\ChivoFlixWeb.API.csproj", "{D549C8CB-552B-467B-AFE7-1F3703193BE6}"
EndProject
Global
	GlobalSection(SolutionConfigurationPlatforms) = preSolution
		Debug|Any CPU = Debug|Any CPU
		Release|Any CPU = Release|Any CPU
	EndGlobalSection
	GlobalSection(ProjectConfigurationPlatforms) = postSolution
		{597AF325-BE4E-4599-9DAF-3001EFF24213}.Debug|Any CPU.ActiveCfg = Debug|Any CPU
		{597AF325-BE4E-4599-9DAF-3001EFF24213}.Debug|Any CPU.Build.0 = Debug|Any CPU
		{597AF325-BE4E-4599-9DAF-3001EFF24213}.Release|Any CPU.ActiveCfg = Release|Any CPU
		{597AF325-BE4E-4599-9DAF-3001EFF24213}.Release|Any CPU.Build.0 = Release|Any CPU
		{D549C8CB-552B-467B-AFE7-1F3703193BE6}.Debug|Any CPU.ActiveCfg = Debug|Any CPU
		{D549C8CB-552B-467B-AFE7-1F3703193BE6}.Debug|Any CPU.Build.0 = Debug|Any CPU
		{D549C8CB-552B-467B-AFE7-1F3703193BE6}.Release|Any CPU.ActiveCfg = Release|Any CPU
		{D549C8CB-552B-467B-AFE7-1F3703193BE6}.Release|Any CPU.Build.0 = Release|Any CPU
	EndGlobalSection
	GlobalSection(SolutionProperties) = preSolution
		HideSolutionNode = FALSE
	EndGlobalSection
	GlobalSection(ExtensibilityGlobals) = postSolution
		SolutionGuid = {BB872E26-C5B6-415B-ACEA-E55677819AA9}
	EndGlobalSection
EndGlobal
